# This file is automatically @generated by Poetry 1.8.2 and should not be changed by hand.

[[package]]
name = "matlab"
version = "0.1"
description = "Matlab for python"
optional = false
python-versions = "*"
files = [
    {file = "matlab-0.1.tar.gz", hash = "sha256:8b13f7f121fcfb138203e35fa931e5f434abeefccfc583f8b3b4e2c0d0e7bcae"},
]

[metadata]
lock-version = "2.0"
python-versions = "^3.11"
content-hash = "ebaefa99a66dd8e354b5f20f254da19f5271f4975318deec6c1093f1bca86d35"
